
Microsoft Visual Studio Solution File, Format Version 12.00
# Visual Studio Version 16
VisualStudioVersion = 16.0.29613.14
MinimumVisualStudioVersion = 10.0.40219.1
Project("{FAE04EC0-301F-11D3-BF4B-00C04F79EFBC}") = "COMP2614Assign07ab", "COMP2614Assign07ab.csproj", "{0C9A49A6-6D0E-4512-B300-86A14AF862A2}"
EndProject
Global
	GlobalSection(SolutionConfigurationPlatforms) = preSolution
		Debug|Any CPU = Debug|Any CPU
		Release|Any CPU = Release|Any CPU
	EndGlobalSection
	GlobalSection(ProjectConfigurationPlatforms) = postSolution
		{0C9A49A6-6D0E-4512-B300-86A14AF862A2}.Debug|Any CPU.ActiveCfg = Debug|Any CPU
		{0C9A49A6-6D0E-4512-B300-86A14AF862A2}.Debug|Any CPU.Build.0 = Debug|Any CPU
		{0C9A49A6-6D0E-4512-B300-86A14AF862A2}.Release|Any CPU.ActiveCfg = Release|Any CPU
		{0C9A49A6-6D0E-4512-B300-86A14AF862A2}.Release|Any CPU.Build.0 = Release|Any CPU
	EndGlobalSection
	GlobalSection(SolutionProperties) = preSolution
		HideSolutionNode = FALSE
	EndGlobalSection
	GlobalSection(ExtensibilityGlobals) = postSolution
		SolutionGuid = {0620AD19-AF28-4888-86BC-F3D6FB7D99B0}
	EndGlobalSection
EndGlobal
